
Microsoft Visual Studio Solution File, Format Version 12.00
# Visual Studio Version 17
VisualStudioVersion = 17.10.35122.118
MinimumVisualStudioVersion = 10.0.40219.1
Project("{FAE04EC0-301F-11D3-BF4B-00C04F79EFBC}") = "ProyectoTron6", "ProyectoTron6\ProyectoTron6.csproj", "{F4499130-BC48-4F39-91EB-6685B64BD39D}"
EndProject
Global
	GlobalSection(SolutionConfigurationPlatforms) = preSolution
		Debug|Any CPU = Debug|Any CPU
		Release|Any CPU = Release|Any CPU
	EndGlobalSection
	GlobalSection(ProjectConfigurationPlatforms) = postSolution
		{F4499130-BC48-4F39-91EB-6685B64BD39D}.Debug|Any CPU.ActiveCfg = Debug|Any CPU
		{F4499130-BC48-4F39-91EB-6685B64BD39D}.Debug|Any CPU.Build.0 = Debug|Any CPU
		{F4499130-BC48-4F39-91EB-6685B64BD39D}.Release|Any CPU.ActiveCfg = Release|Any CPU
		{F4499130-BC48-4F39-91EB-6685B64BD39D}.Release|Any CPU.Build.0 = Release|Any CPU
	EndGlobalSection
	GlobalSection(SolutionProperties) = preSolution
		HideSolutionNode = FALSE
	EndGlobalSection
	GlobalSection(ExtensibilityGlobals) = postSolution
		SolutionGuid = {2F2E2903-4EFC-46A2-9B1E-B9D1EA749A7D}
	EndGlobalSection
EndGlobal
